
Microsoft Visual Studio Solution File, Format Version 12.00
# Visual Studio Version 16
VisualStudioVersion = 16.0.31105.61
MinimumVisualStudioVersion = 10.0.40219.1
Project("{8BC9CEB8-8B4A-11D0-8D11-00A0C91BC942}") = "car", "car\car.vcxproj", "{0EE8076B-5B38-46C4-B6D5-4A0C4F38D1C1}"
EndProject
Project("{8BC9CEB8-8B4A-11D0-8D11-00A0C91BC942}") = "TestsCar", "TestsCar\TestsCar.vcxproj", "{D34CB9DC-FBF9-49BC-A906-FDD3E45FE3F7}"
EndProject
Global
	GlobalSection(SolutionConfigurationPlatforms) = preSolution
		Debug|x64 = Debug|x64
		Debug|x86 = Debug|x86
		Release|x64 = Release|x64
		Release|x86 = Release|x86
	EndGlobalSection
	GlobalSection(ProjectConfigurationPlatforms) = postSolution
		{0EE8076B-5B38-46C4-B6D5-4A0C4F38D1C1}.Debug|x64.ActiveCfg = Debug|x64
		{0EE8076B-5B38-46C4-B6D5-4A0C4F38D1C1}.Debug|x64.Build.0 = Debug|x64
		{0EE8076B-5B38-46C4-B6D5-4A0C4F38D1C1}.Debug|x86.ActiveCfg = Debug|Win32
		{0EE8076B-5B38-46C4-B6D5-4A0C4F38D1C1}.Debug|x86.Build.0 = Debug|Win32
		{0EE8076B-5B38-46C4-B6D5-4A0C4F38D1C1}.Release|x64.ActiveCfg = Release|x64
		{0EE8076B-5B38-46C4-B6D5-4A0C4F38D1C1}.Release|x64.Build.0 = Release|x64
		{0EE8076B-5B38-46C4-B6D5-4A0C4F38D1C1}.Release|x86.ActiveCfg = Release|Win32
		{0EE8076B-5B38-46C4-B6D5-4A0C4F38D1C1}.Release|x86.Build.0 = Release|Win32
		{D34CB9DC-FBF9-49BC-A906-FDD3E45FE3F7}.Debug|x64.ActiveCfg = Debug|x64
		{D34CB9DC-FBF9-49BC-A906-FDD3E45FE3F7}.Debug|x64.Build.0 = Debug|x64
		{D34CB9DC-FBF9-49BC-A906-FDD3E45FE3F7}.Debug|x86.ActiveCfg = Debug|Win32
		{D34CB9DC-FBF9-49BC-A906-FDD3E45FE3F7}.Debug|x86.Build.0 = Debug|Win32
		{D34CB9DC-FBF9-49BC-A906-FDD3E45FE3F7}.Release|x64.ActiveCfg = Release|x64
		{D34CB9DC-FBF9-49BC-A906-FDD3E45FE3F7}.Release|x64.Build.0 = Release|x64
		{D34CB9DC-FBF9-49BC-A906-FDD3E45FE3F7}.Release|x86.ActiveCfg = Release|Win32
		{D34CB9DC-FBF9-49BC-A906-FDD3E45FE3F7}.Release|x86.Build.0 = Release|Win32
	EndGlobalSection
	GlobalSection(SolutionProperties) = preSolution
		HideSolutionNode = FALSE
	EndGlobalSection
	GlobalSection(ExtensibilityGlobals) = postSolution
		SolutionGuid = {28963A4A-A5A1-4D6E-B3D0-BE122ECE2A33}
	EndGlobalSection
EndGlobal
