
Microsoft Visual Studio Solution File, Format Version 12.00
# Visual Studio Version 16
VisualStudioVersion = 16.0.31105.61
MinimumVisualStudioVersion = 10.0.40219.1
Project("{8BC9CEB8-8B4A-11D0-8D11-00A0C91BC942}") = "CrossTwoSets", "CrossTwoSets\CrossTwoSets.vcxproj", "{9237195D-8291-4A3F-A766-0933CE933AEB}"
EndProject
Project("{8BC9CEB8-8B4A-11D0-8D11-00A0C91BC942}") = "CrossSets_tests", "CrossSets_tests\CrossSets_tests.vcxproj", "{0B989D78-49E8-407F-82D3-652F229AAD47}"
EndProject
Global
	GlobalSection(SolutionConfigurationPlatforms) = preSolution
		Debug|x64 = Debug|x64
		Debug|x86 = Debug|x86
		Release|x64 = Release|x64
		Release|x86 = Release|x86
	EndGlobalSection
	GlobalSection(ProjectConfigurationPlatforms) = postSolution
		{9237195D-8291-4A3F-A766-0933CE933AEB}.Debug|x64.ActiveCfg = Debug|x64
		{9237195D-8291-4A3F-A766-0933CE933AEB}.Debug|x64.Build.0 = Debug|x64
		{9237195D-8291-4A3F-A766-0933CE933AEB}.Debug|x86.ActiveCfg = Debug|Win32
		{9237195D-8291-4A3F-A766-0933CE933AEB}.Debug|x86.Build.0 = Debug|Win32
		{9237195D-8291-4A3F-A766-0933CE933AEB}.Release|x64.ActiveCfg = Release|x64
		{9237195D-8291-4A3F-A766-0933CE933AEB}.Release|x64.Build.0 = Release|x64
		{9237195D-8291-4A3F-A766-0933CE933AEB}.Release|x86.ActiveCfg = Release|Win32
		{9237195D-8291-4A3F-A766-0933CE933AEB}.Release|x86.Build.0 = Release|Win32
		{0B989D78-49E8-407F-82D3-652F229AAD47}.Debug|x64.ActiveCfg = Debug|x64
		{0B989D78-49E8-407F-82D3-652F229AAD47}.Debug|x64.Build.0 = Debug|x64
		{0B989D78-49E8-407F-82D3-652F229AAD47}.Debug|x86.ActiveCfg = Debug|Win32
		{0B989D78-49E8-407F-82D3-652F229AAD47}.Debug|x86.Build.0 = Debug|Win32
		{0B989D78-49E8-407F-82D3-652F229AAD47}.Release|x64.ActiveCfg = Release|x64
		{0B989D78-49E8-407F-82D3-652F229AAD47}.Release|x64.Build.0 = Release|x64
		{0B989D78-49E8-407F-82D3-652F229AAD47}.Release|x86.ActiveCfg = Release|Win32
		{0B989D78-49E8-407F-82D3-652F229AAD47}.Release|x86.Build.0 = Release|Win32
	EndGlobalSection
	GlobalSection(SolutionProperties) = preSolution
		HideSolutionNode = FALSE
	EndGlobalSection
	GlobalSection(ExtensibilityGlobals) = postSolution
		SolutionGuid = {78CA3711-B24C-4649-9A74-0AFF5BB741B9}
	EndGlobalSection
EndGlobal
